// !$*UTF8*$!
{
	archiveVersion = 1;
	classes = {
	};
	objectVersion = 46;
	objects = {

/* Begin PBXBuildFile section */
		0091D8F90E81B9330029341E /* OpenGL.framework in Frameworks */ = {isa = PBXBuildFile; fileRef = 0091D8F80E81B9330029341E /* OpenGL.framework */; };
		00B784B30FF439BC000DE1D7 /* Accelerate.framework in Frameworks */ = {isa = PBXBuildFile; fileRef = 00B784AF0FF439BC000DE1D7 /* Accelerate.framework */; };
		00B784B40FF439BC000DE1D7 /* AudioToolbox.framework in Frameworks */ = {isa = PBXBuildFile; fileRef = 00B784B00FF439BC000DE1D7 /* AudioToolbox.framework */; };
		00B784B50FF439BC000DE1D7 /* AudioUnit.framework in Frameworks */ = {isa = PBXBuildFile; fileRef = 00B784B10FF439BC000DE1D7 /* AudioUnit.framework */; };
		00B784B60FF439BC000DE1D7 /* CoreAudio.framework in Frameworks */ = {isa = PBXBuildFile; fileRef = 00B784B20FF439BC000DE1D7 /* CoreAudio.framework */; };
		5323E6B20EAFCA74003A9687 /* CoreVideo.framework in Frameworks */ = {isa = PBXBuildFile; fileRef = 5323E6B10EAFCA74003A9687 /* CoreVideo.framework */; };
		5323E6B60EAFCA7E003A9687 /* QTKit.framework in Frameworks */ = {isa = PBXBuildFile; fileRef = 5323E6B50EAFCA7E003A9687 /* QTKit.framework */; };
		5E9340FC195243E9B94C2797 /* PlanetariumAudioApp.cpp in Sources */ = {isa = PBXBuildFile; fileRef = 1080E2403DC94ACBA133A152 /* PlanetariumAudioApp.cpp */; };
		8D11072F0486CEB800E47090 /* Cocoa.framework in Frameworks */ = {isa = PBXBuildFile; fileRef = 1058C7A1FEA54F0111CA2CBB /* Cocoa.framework */; };
		A94B9CAB181EE3D400A27182 /* QuickTime.framework in Frameworks */ = {isa = PBXBuildFile; fileRef = A94B9CAA181EE3D400A27182 /* QuickTime.framework */; };
		A94B9CAE181F35F500A27182 /* AudioAurora.cpp in Sources */ = {isa = PBXBuildFile; fileRef = A94B9CAC181F35F500A27182 /* AudioAurora.cpp */; };
		A94B9CB6181F681700A27182 /* StreakingStars.cpp in Sources */ = {isa = PBXBuildFile; fileRef = A94B9CB4181F681700A27182 /* StreakingStars.cpp */; };
		A94B9CC318203CE700A27182 /* Constellations.cpp in Sources */ = {isa = PBXBuildFile; fileRef = A94B9CC118203CE700A27182 /* Constellations.cpp */; };
		A94B9CCA1820756F00A27182 /* trimmed_a_new_error.aif in Resources */ = {isa = PBXBuildFile; fileRef = A94B9CC91820756F00A27182 /* trimmed_a_new_error.aif */; };
		A9B50B111823483900C077BD /* FlickerObj.cpp in Sources */ = {isa = PBXBuildFile; fileRef = A9B50B0F1823483900C077BD /* FlickerObj.cpp */; };
		A9B50B1F1823495C00C077BD /* aurora.frag in Resources */ = {isa = PBXBuildFile; fileRef = A9B50B131823495C00C077BD /* aurora.frag */; };
		A9B50B201823495C00C077BD /* aurora.vert in Resources */ = {isa = PBXBuildFile; fileRef = A9B50B141823495C00C077BD /* aurora.vert */; };
		A9B50B211823495C00C077BD /* basic.frag in Resources */ = {isa = PBXBuildFile; fileRef = A9B50B151823495C00C077BD /* basic.frag */; };
		A9B50B221823495C00C077BD /* basic.vert in Resources */ = {isa = PBXBuildFile; fileRef = A9B50B161823495C00C077BD /* basic.vert */; };
		A9B50B231823495C00C077BD /* constellation.frag in Resources */ = {isa = PBXBuildFile; fileRef = A9B50B171823495C00C077BD /* constellation.frag */; };
		A9B50B241823495C00C077BD /* constellation.vert in Resources */ = {isa = PBXBuildFile; fileRef = A9B50B181823495C00C077BD /* constellation.vert */; };
		A9B50B251823495C00C077BD /* fisheye.frag in Resources */ = {isa = PBXBuildFile; fileRef = A9B50B191823495C00C077BD /* fisheye.frag */; };
		A9B50B261823495C00C077BD /* fisheye.vert in Resources */ = {isa = PBXBuildFile; fileRef = A9B50B1A1823495C00C077BD /* fisheye.vert */; };
		A9B50B271823495C00C077BD /* streaks.frag in Resources */ = {isa = PBXBuildFile; fileRef = A9B50B1B1823495C00C077BD /* streaks.frag */; };
		A9B50B281823495C00C077BD /* streaks.vert in Resources */ = {isa = PBXBuildFile; fileRef = A9B50B1C1823495C00C077BD /* streaks.vert */; };
		A9B50B291823495C00C077BD /* texture.frag in Resources */ = {isa = PBXBuildFile; fileRef = A9B50B1D1823495C00C077BD /* texture.frag */; };
		A9B50B2A1823495C00C077BD /* texture.vert in Resources */ = {isa = PBXBuildFile; fileRef = A9B50B1E1823495C00C077BD /* texture.vert */; };
		BA40EBB90DBC4F21BFCE6793 /* CinderApp.icns in Resources */ = {isa = PBXBuildFile; fileRef = 9EFA5D23377744399021A9E0 /* CinderApp.icns */; };
/* End PBXBuildFile section */

/* Begin PBXFileReference section */
		0091D8F80E81B9330029341E /* OpenGL.framework */ = {isa = PBXFileReference; lastKnownFileType = wrapper.framework; name = OpenGL.framework; path = /System/Library/Frameworks/OpenGL.framework; sourceTree = "<absolute>"; };
		00B784AF0FF439BC000DE1D7 /* Accelerate.framework */ = {isa = PBXFileReference; lastKnownFileType = wrapper.framework; name = Accelerate.framework; path = System/Library/Frameworks/Accelerate.framework; sourceTree = SDKROOT; };
		00B784B00FF439BC000DE1D7 /* AudioToolbox.framework */ = {isa = PBXFileReference; lastKnownFileType = wrapper.framework; name = AudioToolbox.framework; path = System/Library/Frameworks/AudioToolbox.framework; sourceTree = SDKROOT; };
		00B784B10FF439BC000DE1D7 /* AudioUnit.framework */ = {isa = PBXFileReference; lastKnownFileType = wrapper.framework; name = AudioUnit.framework; path = System/Library/Frameworks/AudioUnit.framework; sourceTree = SDKROOT; };
		00B784B20FF439BC000DE1D7 /* CoreAudio.framework */ = {isa = PBXFileReference; lastKnownFileType = wrapper.framework; name = CoreAudio.framework; path = System/Library/Frameworks/CoreAudio.framework; sourceTree = SDKROOT; };
		1058C7A1FEA54F0111CA2CBB /* Cocoa.framework */ = {isa = PBXFileReference; lastKnownFileType = wrapper.framework; name = Cocoa.framework; path = /System/Library/Frameworks/Cocoa.framework; sourceTree = "<absolute>"; };
		1080E2403DC94ACBA133A152 /* PlanetariumAudioApp.cpp */ = {isa = PBXFileReference; lastKnownFileType = sourcecode.cpp.cpp; name = PlanetariumAudioApp.cpp; path = ../src/PlanetariumAudioApp.cpp; sourceTree = "<group>"; };
		29B97324FDCFA39411CA2CEA /* AppKit.framework */ = {isa = PBXFileReference; lastKnownFileType = wrapper.framework; name = AppKit.framework; path = /System/Library/Frameworks/AppKit.framework; sourceTree = "<absolute>"; };
		29B97325FDCFA39411CA2CEA /* Foundation.framework */ = {isa = PBXFileReference; lastKnownFileType = wrapper.framework; name = Foundation.framework; path = /System/Library/Frameworks/Foundation.framework; sourceTree = "<absolute>"; };
		4EFD500D484D45318366539B /* Resources.h */ = {isa = PBXFileReference; lastKnownFileType = sourcecode.c.h; name = Resources.h; path = ../include/Resources.h; sourceTree = "<group>"; };
		5323E6B10EAFCA74003A9687 /* CoreVideo.framework */ = {isa = PBXFileReference; lastKnownFileType = wrapper.framework; name = CoreVideo.framework; path = /System/Library/Frameworks/CoreVideo.framework; sourceTree = "<absolute>"; };
		5323E6B50EAFCA7E003A9687 /* QTKit.framework */ = {isa = PBXFileReference; lastKnownFileType = wrapper.framework; name = QTKit.framework; path = /System/Library/Frameworks/QTKit.framework; sourceTree = "<absolute>"; };
		8D1107320486CEB800E47090 /* PlanetariumAudio.app */ = {isa = PBXFileReference; explicitFileType = wrapper.application; includeInIndex = 0; path = PlanetariumAudio.app; sourceTree = BUILT_PRODUCTS_DIR; };
		9EFA5D23377744399021A9E0 /* CinderApp.icns */ = {isa = PBXFileReference; lastKnownFileType = image.icns; name = CinderApp.icns; path = ../resources/CinderApp.icns; sourceTree = "<group>"; };
		A1C52ECC2FF54413AB5F99AD /* PlanetariumAudio_Prefix.pch */ = {isa = PBXFileReference; lastKnownFileType = sourcecode.c.h; path = PlanetariumAudio_Prefix.pch; sourceTree = "<group>"; };
		A94B9CA6181EE31B00A27182 /* gotta_have_it.mp3 */ = {isa = PBXFileReference; lastKnownFileType = audio.mp3; name = gotta_have_it.mp3; path = ../resources/gotta_have_it.mp3; sourceTree = "<group>"; };
		A94B9CA7181EE31B00A27182 /* reich.mp3 */ = {isa = PBXFileReference; lastKnownFileType = audio.mp3; name = reich.mp3; path = ../resources/reich.mp3; sourceTree = "<group>"; };
		A94B9CAA181EE3D400A27182 /* QuickTime.framework */ = {isa = PBXFileReference; lastKnownFileType = wrapper.framework; name = QuickTime.framework; path = System/Library/Frameworks/QuickTime.framework; sourceTree = SDKROOT; };
		A94B9CAC181F35F500A27182 /* AudioAurora.cpp */ = {isa = PBXFileReference; fileEncoding = 4; lastKnownFileType = sourcecode.cpp.cpp; name = AudioAurora.cpp; path = ../src/AudioAurora.cpp; sourceTree = "<group>"; };
		A94B9CAF181F360C00A27182 /* AudioAurora.h */ = {isa = PBXFileReference; fileEncoding = 4; lastKnownFileType = sourcecode.c.h; name = AudioAurora.h; path = ../include/AudioAurora.h; sourceTree = "<group>"; };
		A94B9CB4181F681700A27182 /* StreakingStars.cpp */ = {isa = PBXFileReference; fileEncoding = 4; lastKnownFileType = sourcecode.cpp.cpp; name = StreakingStars.cpp; path = ../src/StreakingStars.cpp; sourceTree = "<group>"; };
		A94B9CB7181F682B00A27182 /* StreakingStars.h */ = {isa = PBXFileReference; fileEncoding = 4; lastKnownFileType = sourcecode.c.h; name = StreakingStars.h; path = ../include/StreakingStars.h; sourceTree = "<group>"; };
		A94B9CBC18201B0A00A27182 /* a_new_error.m4a */ = {isa = PBXFileReference; lastKnownFileType = file; name = a_new_error.m4a; path = ../resources/a_new_error.m4a; sourceTree = "<group>"; };
		A94B9CC018203B9E00A27182 /* Asterisms.h */ = {isa = PBXFileReference; lastKnownFileType = sourcecode.c.h; name = Asterisms.h; path = ../include/Asterisms.h; sourceTree = "<group>"; };
		A94B9CC118203CE700A27182 /* Constellations.cpp */ = {isa = PBXFileReference; fileEncoding = 4; lastKnownFileType = sourcecode.cpp.cpp; name = Constellations.cpp; path = ../src/Constellations.cpp; sourceTree = "<group>"; };
		A94B9CC418203CFA00A27182 /* Constellations.h */ = {isa = PBXFileReference; fileEncoding = 4; lastKnownFileType = sourcecode.c.h; name = Constellations.h; path = ../include/Constellations.h; sourceTree = "<group>"; };
		A94B9CC91820756F00A27182 /* trimmed_a_new_error.aif */ = {isa = PBXFileReference; lastKnownFileType = file; name = trimmed_a_new_error.aif; path = ../resources/trimmed_a_new_error.aif; sourceTree = "<group>"; };
		A97122CC181C4826006DD64E /* forest.jpg */ = {isa = PBXFileReference; lastKnownFileType = image.jpeg; name = forest.jpg; path = ../resources/forest.jpg; sourceTree = "<group>"; };
		A97122D3181C4FE0006DD64E /* forest_path.png */ = {isa = PBXFileReference; lastKnownFileType = image.png; name = forest_path.png; path = ../resources/forest_path.png; sourceTree = "<group>"; };
		A97122D5181C5903006DD64E /* particle.png */ = {isa = PBXFileReference; lastKnownFileType = image.png; name = particle.png; path = ../resources/particle.png; sourceTree = "<group>"; };
		A9B50B09182347FB00C077BD /* atat.obj */ = {isa = PBXFileReference; fileEncoding = 4; lastKnownFileType = text; name = atat.obj; path = ../resources/atat.obj; sourceTree = "<group>"; };
		A9B50B0A182347FB00C077BD /* tank.obj */ = {isa = PBXFileReference; fileEncoding = 4; lastKnownFileType = text; name = tank.obj; path = ../resources/tank.obj; sourceTree = "<group>"; };
		A9B50B0B182347FB00C077BD /* uav.obj */ = {isa = PBXFileReference; fileEncoding = 4; lastKnownFileType = text; name = uav.obj; path = ../resources/uav.obj; sourceTree = "<group>"; };
		A9B50B0F1823483900C077BD /* FlickerObj.cpp */ = {isa = PBXFileReference; fileEncoding = 4; lastKnownFileType = sourcecode.cpp.cpp; name = FlickerObj.cpp; path = ../src/FlickerObj.cpp; sourceTree = "<group>"; };
		A9B50B121823485D00C077BD /* FlickerObj.h */ = {isa = PBXFileReference; fileEncoding = 4; lastKnownFileType = sourcecode.c.h; name = FlickerObj.h; path = ../include/FlickerObj.h; sourceTree = "<group>"; };
		A9B50B131823495C00C077BD /* aurora.frag */ = {isa = PBXFileReference; fileEncoding = 4; lastKnownFileType = sourcecode.glsl; name = aurora.frag; path = ../resources/aurora.frag; sourceTree = "<group>"; };
		A9B50B141823495C00C077BD /* aurora.vert */ = {isa = PBXFileReference; fileEncoding = 4; lastKnownFileType = sourcecode.glsl; name = aurora.vert; path = ../resources/aurora.vert; sourceTree = "<group>"; };
		A9B50B151823495C00C077BD /* basic.frag */ = {isa = PBXFileReference; fileEncoding = 4; lastKnownFileType = sourcecode.glsl; name = basic.frag; path = ../resources/basic.frag; sourceTree = "<group>"; };
		A9B50B161823495C00C077BD /* basic.vert */ = {isa = PBXFileReference; fileEncoding = 4; lastKnownFileType = sourcecode.glsl; name = basic.vert; path = ../resources/basic.vert; sourceTree = "<group>"; };
		A9B50B171823495C00C077BD /* constellation.frag */ = {isa = PBXFileReference; fileEncoding = 4; lastKnownFileType = sourcecode.glsl; name = constellation.frag; path = ../resources/constellation.frag; sourceTree = "<group>"; };
		A9B50B181823495C00C077BD /* constellation.vert */ = {isa = PBXFileReference; fileEncoding = 4; lastKnownFileType = sourcecode.glsl; name = constellation.vert; path = ../resources/constellation.vert; sourceTree = "<group>"; };
		A9B50B191823495C00C077BD /* fisheye.frag */ = {isa = PBXFileReference; fileEncoding = 4; lastKnownFileType = sourcecode.glsl; name = fisheye.frag; path = ../resources/fisheye.frag; sourceTree = "<group>"; };
		A9B50B1A1823495C00C077BD /* fisheye.vert */ = {isa = PBXFileReference; fileEncoding = 4; lastKnownFileType = sourcecode.glsl; name = fisheye.vert; path = ../resources/fisheye.vert; sourceTree = "<group>"; };
		A9B50B1B1823495C00C077BD /* streaks.frag */ = {isa = PBXFileReference; fileEncoding = 4; lastKnownFileType = sourcecode.glsl; name = streaks.frag; path = ../resources/streaks.frag; sourceTree = "<group>"; };
		A9B50B1C1823495C00C077BD /* streaks.vert */ = {isa = PBXFileReference; fileEncoding = 4; lastKnownFileType = sourcecode.glsl; name = streaks.vert; path = ../resources/streaks.vert; sourceTree = "<group>"; };
		A9B50B1D1823495C00C077BD /* texture.frag */ = {isa = PBXFileReference; fileEncoding = 4; lastKnownFileType = sourcecode.glsl; name = texture.frag; path = ../resources/texture.frag; sourceTree = "<group>"; };
		A9B50B1E1823495C00C077BD /* texture.vert */ = {isa = PBXFileReference; fileEncoding = 4; lastKnownFileType = sourcecode.glsl; name = texture.vert; path = ../resources/texture.vert; sourceTree = "<group>"; };
		F66CC3F473644DAA88790B3E /* Info.plist */ = {isa = PBXFileReference; lastKnownFileType = text.plist.xml; path = Info.plist; sourceTree = "<group>"; };
/* End PBXFileReference section */

/* Begin PBXFrameworksBuildPhase section */
		8D11072E0486CEB800E47090 /* Frameworks */ = {
			isa = PBXFrameworksBuildPhase;
			buildActionMask = 2147483647;
			files = (
				A94B9CAB181EE3D400A27182 /* QuickTime.framework in Frameworks */,
				8D11072F0486CEB800E47090 /* Cocoa.framework in Frameworks */,
				0091D8F90E81B9330029341E /* OpenGL.framework in Frameworks */,
				5323E6B20EAFCA74003A9687 /* CoreVideo.framework in Frameworks */,
				5323E6B60EAFCA7E003A9687 /* QTKit.framework in Frameworks */,
				00B784B30FF439BC000DE1D7 /* Accelerate.framework in Frameworks */,
				00B784B40FF439BC000DE1D7 /* AudioToolbox.framework in Frameworks */,
				00B784B50FF439BC000DE1D7 /* AudioUnit.framework in Frameworks */,
				00B784B60FF439BC000DE1D7 /* CoreAudio.framework in Frameworks */,
			);
			runOnlyForDeploymentPostprocessing = 0;
		};
/* End PBXFrameworksBuildPhase section */

/* Begin PBXGroup section */
		01B97315FEAEA392516A2CEA /* Blocks */ = {
			isa = PBXGroup;
			children = (
			);
			name = Blocks;
			sourceTree = "<group>";
		};
		080E96DDFE201D6D7F000001 /* Source */ = {
			isa = PBXGroup;
			children = (
				A94B9CAC181F35F500A27182 /* AudioAurora.cpp */,
				A94B9CC118203CE700A27182 /* Constellations.cpp */,
				A9B50B0F1823483900C077BD /* FlickerObj.cpp */,
				1080E2403DC94ACBA133A152 /* PlanetariumAudioApp.cpp */,
				A94B9CB4181F681700A27182 /* StreakingStars.cpp */,
			);
			name = Source;
			sourceTree = "<group>";
		};
		1058C7A0FEA54F0111CA2CBB /* Linked Frameworks */ = {
			isa = PBXGroup;
			children = (
				00B784AF0FF439BC000DE1D7 /* Accelerate.framework */,
				00B784B00FF439BC000DE1D7 /* AudioToolbox.framework */,
				00B784B10FF439BC000DE1D7 /* AudioUnit.framework */,
				00B784B20FF439BC000DE1D7 /* CoreAudio.framework */,
				5323E6B50EAFCA7E003A9687 /* QTKit.framework */,
				5323E6B10EAFCA74003A9687 /* CoreVideo.framework */,
				0091D8F80E81B9330029341E /* OpenGL.framework */,
				1058C7A1FEA54F0111CA2CBB /* Cocoa.framework */,
			);
			name = "Linked Frameworks";
			sourceTree = "<group>";
		};
		1058C7A2FEA54F0111CA2CBB /* Other Frameworks */ = {
			isa = PBXGroup;
			children = (
				29B97324FDCFA39411CA2CEA /* AppKit.framework */,
				29B97325FDCFA39411CA2CEA /* Foundation.framework */,
			);
			name = "Other Frameworks";
			sourceTree = "<group>";
		};
		19C28FACFE9D520D11CA2CBB /* Products */ = {
			isa = PBXGroup;
			children = (
				8D1107320486CEB800E47090 /* PlanetariumAudio.app */,
			);
			name = Products;
			sourceTree = "<group>";
		};
		29B97314FDCFA39411CA2CEA /* ShaderTest */ = {
			isa = PBXGroup;
			children = (
				A97122CE181C484E006DD64E /* Shaders */,
				01B97315FEAEA392516A2CEA /* Blocks */,
				29B97315FDCFA39411CA2CEA /* Headers */,
				080E96DDFE201D6D7F000001 /* Source */,
				29B97317FDCFA39411CA2CEA /* Resources */,
				29B97323FDCFA39411CA2CEA /* Frameworks */,
				19C28FACFE9D520D11CA2CBB /* Products */,
			);
			name = ShaderTest;
			sourceTree = "<group>";
		};
		29B97315FDCFA39411CA2CEA /* Headers */ = {
			isa = PBXGroup;
			children = (
				A94B9CC018203B9E00A27182 /* Asterisms.h */,
				A94B9CAF181F360C00A27182 /* AudioAurora.h */,
				A94B9CC418203CFA00A27182 /* Constellations.h */,
				A9B50B121823485D00C077BD /* FlickerObj.h */,
				A1C52ECC2FF54413AB5F99AD /* PlanetariumAudio_Prefix.pch */,
				4EFD500D484D45318366539B /* Resources.h */,
				A94B9CB7181F682B00A27182 /* StreakingStars.h */,
			);
			name = Headers;
			sourceTree = "<group>";
		};
		29B97317FDCFA39411CA2CEA /* Resources */ = {
			isa = PBXGroup;
			children = (
				A9B50B09182347FB00C077BD /* atat.obj */,
				A9B50B0A182347FB00C077BD /* tank.obj */,
				A9B50B0B182347FB00C077BD /* uav.obj */,
				A94B9CC91820756F00A27182 /* trimmed_a_new_error.aif */,
				A94B9CBC18201B0A00A27182 /* a_new_error.m4a */,
				9EFA5D23377744399021A9E0 /* CinderApp.icns */,
				A97122CC181C4826006DD64E /* forest.jpg */,
				A97122D3181C4FE0006DD64E /* forest_path.png */,
				A94B9CA6181EE31B00A27182 /* gotta_have_it.mp3 */,
				F66CC3F473644DAA88790B3E /* Info.plist */,
				A97122D5181C5903006DD64E /* particle.png */,
				A94B9CA7181EE31B00A27182 /* reich.mp3 */,
			);
			name = Resources;
			sourceTree = "<group>";
		};
		29B97323FDCFA39411CA2CEA /* Frameworks */ = {
			isa = PBXGroup;
			children = (
				A94B9CAA181EE3D400A27182 /* QuickTime.framework */,
				1058C7A0FEA54F0111CA2CBB /* Linked Frameworks */,
				1058C7A2FEA54F0111CA2CBB /* Other Frameworks */,
			);
			name = Frameworks;
			sourceTree = "<group>";
		};
		A97122CE181C484E006DD64E /* Shaders */ = {
			isa = PBXGroup;
			children = (
				A9B50B131823495C00C077BD /* aurora.frag */,
				A9B50B141823495C00C077BD /* aurora.vert */,
				A9B50B151823495C00C077BD /* basic.frag */,
				A9B50B161823495C00C077BD /* basic.vert */,
				A9B50B171823495C00C077BD /* constellation.frag */,
				A9B50B181823495C00C077BD /* constellation.vert */,
				A9B50B191823495C00C077BD /* fisheye.frag */,
				A9B50B1A1823495C00C077BD /* fisheye.vert */,
				A9B50B1B1823495C00C077BD /* streaks.frag */,
				A9B50B1C1823495C00C077BD /* streaks.vert */,
				A9B50B1D1823495C00C077BD /* texture.frag */,
				A9B50B1E1823495C00C077BD /* texture.vert */,
			);
			name = Shaders;
			sourceTree = "<group>";
		};
/* End PBXGroup section */

/* Begin PBXNativeTarget section */
		8D1107260486CEB800E47090 /* PlanetariumAudio */ = {
			isa = PBXNativeTarget;
			buildConfigurationList = C01FCF4A08A954540054247B /* Build configuration list for PBXNativeTarget "PlanetariumAudio" */;
			buildPhases = (
				8D1107290486CEB800E47090 /* Resources */,
				8D11072C0486CEB800E47090 /* Sources */,
				8D11072E0486CEB800E47090 /* Frameworks */,
			);
			buildRules = (
			);
			dependencies = (
			);
			name = PlanetariumAudio;
			productInstallPath = "$(HOME)/Applications";
			productName = ShaderTest;
			productReference = 8D1107320486CEB800E47090 /* PlanetariumAudio.app */;
			productType = "com.apple.product-type.application";
		};
/* End PBXNativeTarget section */

/* Begin PBXProject section */
		29B97313FDCFA39411CA2CEA /* Project object */ = {
			isa = PBXProject;
			attributes = {
			};
			buildConfigurationList = C01FCF4E08A954540054247B /* Build configuration list for PBXProject "PlanetariumAudio" */;
			compatibilityVersion = "Xcode 3.2";
			developmentRegion = English;
			hasScannedForEncodings = 1;
			knownRegions = (
				English,
				Japanese,
				French,
				German,
			);
			mainGroup = 29B97314FDCFA39411CA2CEA /* ShaderTest */;
			projectDirPath = "";
			projectRoot = "";
			targets = (
				8D1107260486CEB800E47090 /* PlanetariumAudio */,
			);
		};
/* End PBXProject section */

/* Begin PBXResourcesBuildPhase section */
		8D1107290486CEB800E47090 /* Resources */ = {
			isa = PBXResourcesBuildPhase;
			buildActionMask = 2147483647;
			files = (
				A94B9CCA1820756F00A27182 /* trimmed_a_new_error.aif in Resources */,
				BA40EBB90DBC4F21BFCE6793 /* CinderApp.icns in Resources */,
				A9B50B201823495C00C077BD /* aurora.vert in Resources */,
				A9B50B271823495C00C077BD /* streaks.frag in Resources */,
				A9B50B221823495C00C077BD /* basic.vert in Resources */,
				A9B50B251823495C00C077BD /* fisheye.frag in Resources */,
				A9B50B281823495C00C077BD /* streaks.vert in Resources */,
				A9B50B211823495C00C077BD /* basic.frag in Resources */,
				A9B50B1F1823495C00C077BD /* aurora.frag in Resources */,
				A9B50B2A1823495C00C077BD /* texture.vert in Resources */,
				A9B50B291823495C00C077BD /* texture.frag in Resources */,
				A9B50B261823495C00C077BD /* fisheye.vert in Resources */,
				A9B50B241823495C00C077BD /* constellation.vert in Resources */,
				A9B50B231823495C00C077BD /* constellation.frag in Resources */,
			);
			runOnlyForDeploymentPostprocessing = 0;
		};
/* End PBXResourcesBuildPhase section */

/* Begin PBXSourcesBuildPhase section */
		8D11072C0486CEB800E47090 /* Sources */ = {
			isa = PBXSourcesBuildPhase;
			buildActionMask = 2147483647;
			files = (
				A94B9CAE181F35F500A27182 /* AudioAurora.cpp in Sources */,
				A94B9CC318203CE700A27182 /* Constellations.cpp in Sources */,
				A94B9CB6181F681700A27182 /* StreakingStars.cpp in Sources */,
				5E9340FC195243E9B94C2797 /* PlanetariumAudioApp.cpp in Sources */,
				A9B50B111823483900C077BD /* FlickerObj.cpp in Sources */,
			);
			runOnlyForDeploymentPostprocessing = 0;
		};
/* End PBXSourcesBuildPhase section */

/* Begin XCBuildConfiguration section */
		C01FCF4B08A954540054247B /* Debug */ = {
			isa = XCBuildConfiguration;
			buildSettings = {
				COMBINE_HIDPI_IMAGES = YES;
				COPY_PHASE_STRIP = NO;
				DEAD_CODE_STRIPPING = YES;
				GCC_DYNAMIC_NO_PIC = NO;
				GCC_INLINES_ARE_PRIVATE_EXTERN = YES;
				GCC_OPTIMIZATION_LEVEL = 0;
				GCC_PRECOMPILE_PREFIX_HEADER = YES;
				GCC_PREFIX_HEADER = PlanetariumAudio_Prefix.pch;
				GCC_PREPROCESSOR_DEFINITIONS = (
					"DEBUG=1",
					"$(inherited)",
				);
				GCC_SYMBOLS_PRIVATE_EXTERN = NO;
				INFOPLIST_FILE = Info.plist;
				INSTALL_PATH = "$(HOME)/Applications";
				OTHER_LDFLAGS = "\"$(CINDER_PATH)/lib/libcinder_d.a\"";
				PRODUCT_NAME = PlanetariumAudio;
				SYMROOT = ./build;
				WRAPPER_EXTENSION = app;
			};
			name = Debug;
		};
		C01FCF4C08A954540054247B /* Release */ = {
			isa = XCBuildConfiguration;
			buildSettings = {
				COMBINE_HIDPI_IMAGES = YES;
				DEAD_CODE_STRIPPING = YES;
				DEBUG_INFORMATION_FORMAT = "dwarf-with-dsym";
				GCC_FAST_MATH = YES;
				GCC_GENERATE_DEBUGGING_SYMBOLS = NO;
				GCC_INLINES_ARE_PRIVATE_EXTERN = YES;
				GCC_OPTIMIZATION_LEVEL = 3;
				GCC_PRECOMPILE_PREFIX_HEADER = YES;
				GCC_PREFIX_HEADER = PlanetariumAudio_Prefix.pch;
				GCC_SYMBOLS_PRIVATE_EXTERN = NO;
				INFOPLIST_FILE = Info.plist;
				INSTALL_PATH = "$(HOME)/Applications";
				OTHER_LDFLAGS = "\"$(CINDER_PATH)/lib/libcinder.a\"";
				PRODUCT_NAME = PlanetariumAudio;
				STRIP_INSTALLED_PRODUCT = YES;
				SYMROOT = ./build;
				WRAPPER_EXTENSION = app;
			};
			name = Release;
		};
		C01FCF4F08A954540054247B /* Debug */ = {
			isa = XCBuildConfiguration;
			buildSettings = {
				ALWAYS_SEARCH_USER_PATHS = NO;
				ARCHS = i386;
				CINDER_PATH = "../../../BIG-Screens/cinder_dev";
				CLANG_CXX_LANGUAGE_STANDARD = "c++0x";
				CLANG_CXX_LIBRARY = "libc++";
				GCC_WARN_ABOUT_RETURN_TYPE = YES;
				GCC_WARN_UNUSED_VARIABLE = YES;
				HEADER_SEARCH_PATHS = "\"$(CINDER_PATH)/boost\"";
				MACOSX_DEPLOYMENT_TARGET = 10.7;
				SDKROOT = macosx;
				USER_HEADER_SEARCH_PATHS = "\"$(CINDER_PATH)/include\" ../include";
			};
			name = Debug;
		};
		C01FCF5008A954540054247B /* Release */ = {
			isa = XCBuildConfiguration;
			buildSettings = {
				ALWAYS_SEARCH_USER_PATHS = NO;
				ARCHS = i386;
				CINDER_PATH = "../../../BIG-Screens/cinder_dev";
				CLANG_CXX_LANGUAGE_STANDARD = "c++0x";
				CLANG_CXX_LIBRARY = "libc++";
				GCC_WARN_ABOUT_RETURN_TYPE = YES;
				GCC_WARN_UNUSED_VARIABLE = YES;
				HEADER_SEARCH_PATHS = "\"$(CINDER_PATH)/boost\"";
				MACOSX_DEPLOYMENT_TARGET = 10.7;
				SDKROOT = macosx;
				USER_HEADER_SEARCH_PATHS = "\"$(CINDER_PATH)/include\" ../include";
			};
			name = Release;
		};
/* End XCBuildConfiguration section */

/* Begin XCConfigurationList section */
		C01FCF4A08A954540054247B /* Build configuration list for PBXNativeTarget "PlanetariumAudio" */ = {
			isa = XCConfigurationList;
			buildConfigurations = (
				C01FCF4B08A954540054247B /* Debug */,
				C01FCF4C08A954540054247B /* Release */,
			);
			defaultConfigurationIsVisible = 0;
			defaultConfigurationName = Release;
		};
		C01FCF4E08A954540054247B /* Build configuration list for PBXProject "PlanetariumAudio" */ = {
			isa = XCConfigurationList;
			buildConfigurations = (
				C01FCF4F08A954540054247B /* Debug */,
				C01FCF5008A954540054247B /* Release */,
			);
			defaultConfigurationIsVisible = 0;
			defaultConfigurationName = Release;
		};
/* End XCConfigurationList section */
	};
	rootObject = 29B97313FDCFA39411CA2CEA /* Project object */;
}
